
Microsoft Visual Studio Solution File, Format Version 12.00
# Visual Studio 15
VisualStudioVersion = 15.0.26730.12
MinimumVisualStudioVersion = 10.0.40219.1
Project("{8BC9CEB8-8B4A-11D0-8D11-00A0C91BC942}") = "TestCryto", "TestCryto\TestCryto.vcxproj", "{4FE193DE-32DB-43CA-ACE7-C312CD5D8AEC}"
EndProject
Project("{8BC9CEB8-8B4A-11D0-8D11-00A0C91BC942}") = "CutCryptopp", "CutCryptopp\CutCryptopp.vcxproj", "{BBB7AE24-E5F0-4A27-BE9F-FCCE0D07DE92}"
EndProject
Project("{8BC9CEB8-8B4A-11D0-8D11-00A0C91BC942}") = "GeneraKey", "GeneraKey\GeneraKey.vcxproj", "{76206F7D-9055-45B3-B32B-CA1CF61205A2}"
EndProject
Project("{FAE04EC0-301F-11D3-BF4B-00C04F79EFBC}") = "TestCSharpRSAConsole", "TestCSharpRSAConsole\TestCSharpRSAConsole.csproj", "{EE78D85C-EEBD-4A0F-BDE3-985844D721CF}"
EndProject
Global
	GlobalSection(SolutionConfigurationPlatforms) = preSolution
		Debug|Any CPU = Debug|Any CPU
		Debug|ARM = Debug|ARM
		Debug|x64 = Debug|x64
		Debug|x86 = Debug|x86
		Release|Any CPU = Release|Any CPU
		Release|ARM = Release|ARM
		Release|x64 = Release|x64
		Release|x86 = Release|x86
	EndGlobalSection
	GlobalSection(ProjectConfigurationPlatforms) = postSolution
		{4FE193DE-32DB-43CA-ACE7-C312CD5D8AEC}.Debug|Any CPU.ActiveCfg = Debug|Win32
		{4FE193DE-32DB-43CA-ACE7-C312CD5D8AEC}.Debug|ARM.ActiveCfg = Debug|Win32
		{4FE193DE-32DB-43CA-ACE7-C312CD5D8AEC}.Debug|x64.ActiveCfg = Debug|x64
		{4FE193DE-32DB-43CA-ACE7-C312CD5D8AEC}.Debug|x64.Build.0 = Debug|x64
		{4FE193DE-32DB-43CA-ACE7-C312CD5D8AEC}.Debug|x86.ActiveCfg = Debug|Win32
		{4FE193DE-32DB-43CA-ACE7-C312CD5D8AEC}.Debug|x86.Build.0 = Debug|Win32
		{4FE193DE-32DB-43CA-ACE7-C312CD5D8AEC}.Release|Any CPU.ActiveCfg = Release|Win32
		{4FE193DE-32DB-43CA-ACE7-C312CD5D8AEC}.Release|ARM.ActiveCfg = Release|Win32
		{4FE193DE-32DB-43CA-ACE7-C312CD5D8AEC}.Release|x64.ActiveCfg = Release|x64
		{4FE193DE-32DB-43CA-ACE7-C312CD5D8AEC}.Release|x64.Build.0 = Release|x64
		{4FE193DE-32DB-43CA-ACE7-C312CD5D8AEC}.Release|x86.ActiveCfg = Release|Win32
		{4FE193DE-32DB-43CA-ACE7-C312CD5D8AEC}.Release|x86.Build.0 = Release|Win32
		{BBB7AE24-E5F0-4A27-BE9F-FCCE0D07DE92}.Debug|Any CPU.ActiveCfg = Debug|Win32
		{BBB7AE24-E5F0-4A27-BE9F-FCCE0D07DE92}.Debug|ARM.ActiveCfg = Debug|Win32
		{BBB7AE24-E5F0-4A27-BE9F-FCCE0D07DE92}.Debug|x64.ActiveCfg = Debug|x64
		{BBB7AE24-E5F0-4A27-BE9F-FCCE0D07DE92}.Debug|x64.Build.0 = Debug|x64
		{BBB7AE24-E5F0-4A27-BE9F-FCCE0D07DE92}.Debug|x86.ActiveCfg = Debug|Win32
		{BBB7AE24-E5F0-4A27-BE9F-FCCE0D07DE92}.Debug|x86.Build.0 = Debug|Win32
		{BBB7AE24-E5F0-4A27-BE9F-FCCE0D07DE92}.Release|Any CPU.ActiveCfg = Release|Win32
		{BBB7AE24-E5F0-4A27-BE9F-FCCE0D07DE92}.Release|ARM.ActiveCfg = Release|Win32
		{BBB7AE24-E5F0-4A27-BE9F-FCCE0D07DE92}.Release|x64.ActiveCfg = Release|x64
		{BBB7AE24-E5F0-4A27-BE9F-FCCE0D07DE92}.Release|x64.Build.0 = Release|x64
		{BBB7AE24-E5F0-4A27-BE9F-FCCE0D07DE92}.Release|x86.ActiveCfg = Release|Win32
		{BBB7AE24-E5F0-4A27-BE9F-FCCE0D07DE92}.Release|x86.Build.0 = Release|Win32
		{76206F7D-9055-45B3-B32B-CA1CF61205A2}.Debug|Any CPU.ActiveCfg = Debug|Win32
		{76206F7D-9055-45B3-B32B-CA1CF61205A2}.Debug|ARM.ActiveCfg = Debug|Win32
		{76206F7D-9055-45B3-B32B-CA1CF61205A2}.Debug|x64.ActiveCfg = Debug|x64
		{76206F7D-9055-45B3-B32B-CA1CF61205A2}.Debug|x64.Build.0 = Debug|x64
		{76206F7D-9055-45B3-B32B-CA1CF61205A2}.Debug|x86.ActiveCfg = Debug|Win32
		{76206F7D-9055-45B3-B32B-CA1CF61205A2}.Debug|x86.Build.0 = Debug|Win32
		{76206F7D-9055-45B3-B32B-CA1CF61205A2}.Release|Any CPU.ActiveCfg = Release|Win32
		{76206F7D-9055-45B3-B32B-CA1CF61205A2}.Release|ARM.ActiveCfg = Release|Win32
		{76206F7D-9055-45B3-B32B-CA1CF61205A2}.Release|x64.ActiveCfg = Release|x64
		{76206F7D-9055-45B3-B32B-CA1CF61205A2}.Release|x64.Build.0 = Release|x64
		{76206F7D-9055-45B3-B32B-CA1CF61205A2}.Release|x86.ActiveCfg = Release|Win32
		{76206F7D-9055-45B3-B32B-CA1CF61205A2}.Release|x86.Build.0 = Release|Win32
		{EE78D85C-EEBD-4A0F-BDE3-985844D721CF}.Debug|Any CPU.ActiveCfg = Debug|Any CPU
		{EE78D85C-EEBD-4A0F-BDE3-985844D721CF}.Debug|Any CPU.Build.0 = Debug|Any CPU
		{EE78D85C-EEBD-4A0F-BDE3-985844D721CF}.Debug|ARM.ActiveCfg = Debug|Any CPU
		{EE78D85C-EEBD-4A0F-BDE3-985844D721CF}.Debug|ARM.Build.0 = Debug|Any CPU
		{EE78D85C-EEBD-4A0F-BDE3-985844D721CF}.Debug|x64.ActiveCfg = Debug|Any CPU
		{EE78D85C-EEBD-4A0F-BDE3-985844D721CF}.Debug|x64.Build.0 = Debug|Any CPU
		{EE78D85C-EEBD-4A0F-BDE3-985844D721CF}.Debug|x86.ActiveCfg = Debug|Any CPU
		{EE78D85C-EEBD-4A0F-BDE3-985844D721CF}.Debug|x86.Build.0 = Debug|Any CPU
		{EE78D85C-EEBD-4A0F-BDE3-985844D721CF}.Release|Any CPU.ActiveCfg = Release|Any CPU
		{EE78D85C-EEBD-4A0F-BDE3-985844D721CF}.Release|Any CPU.Build.0 = Release|Any CPU
		{EE78D85C-EEBD-4A0F-BDE3-985844D721CF}.Release|ARM.ActiveCfg = Release|Any CPU
		{EE78D85C-EEBD-4A0F-BDE3-985844D721CF}.Release|ARM.Build.0 = Release|Any CPU
		{EE78D85C-EEBD-4A0F-BDE3-985844D721CF}.Release|x64.ActiveCfg = Release|Any CPU
		{EE78D85C-EEBD-4A0F-BDE3-985844D721CF}.Release|x64.Build.0 = Release|Any CPU
		{EE78D85C-EEBD-4A0F-BDE3-985844D721CF}.Release|x86.ActiveCfg = Release|Any CPU
		{EE78D85C-EEBD-4A0F-BDE3-985844D721CF}.Release|x86.Build.0 = Release|Any CPU
	EndGlobalSection
	GlobalSection(SolutionProperties) = preSolution
		HideSolutionNode = FALSE
	EndGlobalSection
	GlobalSection(ExtensibilityGlobals) = postSolution
		SolutionGuid = {FF3A1337-12EE-4515-AE49-4EBFFF049E1F}
	EndGlobalSection
EndGlobal
